
Microsoft Visual Studio Solution File, Format Version 12.00
# Visual Studio Version 16
VisualStudioVersion = 16.0.31702.278
MinimumVisualStudioVersion = 10.0.40219.1
Project("{9A19103F-16F7-4668-BE54-9A1E7A4F7556}") = "01.CountSameValuesInArray", "01.CountSameValuesInArray\01.CountSameValuesInArray.csproj", "{1AAE3C34-FC7D-416E-B1E7-940E322977C1}"
EndProject
Project("{FAE04EC0-301F-11D3-BF4B-00C04F79EFBC}") = "02.AverageStudentGrades", "02.AverageStudentGrades\02.AverageStudentGrades.csproj", "{9591CFC4-E501-43E3-BE8E-EA76585BD5D7}"
EndProject
Project("{FAE04EC0-301F-11D3-BF4B-00C04F79EFBC}") = "03.ProductShop", "03.ProductShop\03.ProductShop.csproj", "{73E8F891-70E3-48BC-AE0F-342751D13C0C}"
EndProject
Project("{FAE04EC0-301F-11D3-BF4B-00C04F79EFBC}") = "04.CitiesByContinentAndCountry", "04.CitiesByContinentAndCountry\04.CitiesByContinentAndCountry.csproj", "{87DE2B7F-2C24-43C7-B2E2-8280550FE5D8}"
EndProject
Project("{FAE04EC0-301F-11D3-BF4B-00C04F79EFBC}") = "05.RecordUniqueNames", "05.RecordUniqueNames\05.RecordUniqueNames.csproj", "{4942BAD4-FE48-4333-8D27-496E34D9CFF1}"
EndProject
Project("{FAE04EC0-301F-11D3-BF4B-00C04F79EFBC}") = "06.ParkingLot", "06.ParkingLot\06.ParkingLot.csproj", "{2CA297F1-BA5C-416B-818F-6E9D16A86FAB}"
EndProject
Project("{FAE04EC0-301F-11D3-BF4B-00C04F79EFBC}") = "07.SoftUniParty", "07.SoftUniParty\07.SoftUniParty.csproj", "{2C3A7C8D-2698-44FA-A995-773CB1B5928B}"
EndProject
Global
	GlobalSection(SolutionConfigurationPlatforms) = preSolution
		Debug|Any CPU = Debug|Any CPU
		Release|Any CPU = Release|Any CPU
	EndGlobalSection
	GlobalSection(ProjectConfigurationPlatforms) = postSolution
		{1AAE3C34-FC7D-416E-B1E7-940E322977C1}.Debug|Any CPU.ActiveCfg = Debug|Any CPU
		{1AAE3C34-FC7D-416E-B1E7-940E322977C1}.Debug|Any CPU.Build.0 = Debug|Any CPU
		{1AAE3C34-FC7D-416E-B1E7-940E322977C1}.Release|Any CPU.ActiveCfg = Release|Any CPU
		{1AAE3C34-FC7D-416E-B1E7-940E322977C1}.Release|Any CPU.Build.0 = Release|Any CPU
		{9591CFC4-E501-43E3-BE8E-EA76585BD5D7}.Debug|Any CPU.ActiveCfg = Debug|Any CPU
		{9591CFC4-E501-43E3-BE8E-EA76585BD5D7}.Debug|Any CPU.Build.0 = Debug|Any CPU
		{9591CFC4-E501-43E3-BE8E-EA76585BD5D7}.Release|Any CPU.ActiveCfg = Release|Any CPU
		{9591CFC4-E501-43E3-BE8E-EA76585BD5D7}.Release|Any CPU.Build.0 = Release|Any CPU
		{73E8F891-70E3-48BC-AE0F-342751D13C0C}.Debug|Any CPU.ActiveCfg = Debug|Any CPU
		{73E8F891-70E3-48BC-AE0F-342751D13C0C}.Debug|Any CPU.Build.0 = Debug|Any CPU
		{73E8F891-70E3-48BC-AE0F-342751D13C0C}.Release|Any CPU.ActiveCfg = Release|Any CPU
		{73E8F891-70E3-48BC-AE0F-342751D13C0C}.Release|Any CPU.Build.0 = Release|Any CPU
		{87DE2B7F-2C24-43C7-B2E2-8280550FE5D8}.Debug|Any CPU.ActiveCfg = Debug|Any CPU
		{87DE2B7F-2C24-43C7-B2E2-8280550FE5D8}.Debug|Any CPU.Build.0 = Debug|Any CPU
		{87DE2B7F-2C24-43C7-B2E2-8280550FE5D8}.Release|Any CPU.ActiveCfg = Release|Any CPU
		{87DE2B7F-2C24-43C7-B2E2-8280550FE5D8}.Release|Any CPU.Build.0 = Release|Any CPU
		{4942BAD4-FE48-4333-8D27-496E34D9CFF1}.Debug|Any CPU.ActiveCfg = Debug|Any CPU
		{4942BAD4-FE48-4333-8D27-496E34D9CFF1}.Debug|Any CPU.Build.0 = Debug|Any CPU
		{4942BAD4-FE48-4333-8D27-496E34D9CFF1}.Release|Any CPU.ActiveCfg = Release|Any CPU
		{4942BAD4-FE48-4333-8D27-496E34D9CFF1}.Release|Any CPU.Build.0 = Release|Any CPU
		{2CA297F1-BA5C-416B-818F-6E9D16A86FAB}.Debug|Any CPU.ActiveCfg = Debug|Any CPU
		{2CA297F1-BA5C-416B-818F-6E9D16A86FAB}.Debug|Any CPU.Build.0 = Debug|Any CPU
		{2CA297F1-BA5C-416B-818F-6E9D16A86FAB}.Release|Any CPU.ActiveCfg = Release|Any CPU
		{2CA297F1-BA5C-416B-818F-6E9D16A86FAB}.Release|Any CPU.Build.0 = Release|Any CPU
		{2C3A7C8D-2698-44FA-A995-773CB1B5928B}.Debug|Any CPU.ActiveCfg = Debug|Any CPU
		{2C3A7C8D-2698-44FA-A995-773CB1B5928B}.Debug|Any CPU.Build.0 = Debug|Any CPU
		{2C3A7C8D-2698-44FA-A995-773CB1B5928B}.Release|Any CPU.ActiveCfg = Release|Any CPU
		{2C3A7C8D-2698-44FA-A995-773CB1B5928B}.Release|Any CPU.Build.0 = Release|Any CPU
	EndGlobalSection
	GlobalSection(SolutionProperties) = preSolution
		HideSolutionNode = FALSE
	EndGlobalSection
	GlobalSection(ExtensibilityGlobals) = postSolution
		SolutionGuid = {42C4E713-9101-4466-946E-F9D286A18215}
	EndGlobalSection
EndGlobal
