
Microsoft Visual Studio Solution File, Format Version 12.00
# Visual Studio Version 16
VisualStudioVersion = 16.0.31624.102
MinimumVisualStudioVersion = 10.0.40219.1
Project("{9A19103F-16F7-4668-BE54-9A1E7A4F7556}") = "01.BasicStackOperations", "01.BasicStackOperations\01.BasicStackOperations.csproj", "{4DB4401E-F8C3-47C8-9F52-0C2794429390}"
EndProject
Project("{9A19103F-16F7-4668-BE54-9A1E7A4F7556}") = "02.BasicQueueOperations", "02.BasicQueueOperations\02.BasicQueueOperations.csproj", "{2BACC5AA-5CDC-4DE3-AAC5-0E91FA0845B9}"
EndProject
Project("{9A19103F-16F7-4668-BE54-9A1E7A4F7556}") = "03.MaximumAndMinimumElement", "03.MaximumAndMinimumElement\03.MaximumAndMinimumElement.csproj", "{F3205CE7-DDBD-483E-B6A2-59D14B849C46}"
EndProject
Project("{9A19103F-16F7-4668-BE54-9A1E7A4F7556}") = "04.FastFood", "04.FastFood\04.FastFood.csproj", "{7C52B1FA-F2B4-4CDD-9E52-3FB2910EDE2B}"
EndProject
Project("{9A19103F-16F7-4668-BE54-9A1E7A4F7556}") = "08.BalancedParentheses", "08.BalancedParentheses\08.BalancedParentheses.csproj", "{5C90CB04-30D3-4BB2-A061-8A66C7F8AB0E}"
EndProject
Project("{9A19103F-16F7-4668-BE54-9A1E7A4F7556}") = "09.SimpleTextEditor", "09.SimpleTextEditor\09.SimpleTextEditor.csproj", "{31019629-9E75-4177-BEE9-4D2149387B4C}"
EndProject
Project("{9A19103F-16F7-4668-BE54-9A1E7A4F7556}") = "05.FashionBoutique", "05.FashionBoutique\05.FashionBoutique.csproj", "{67BF850A-0CD1-4DA4-89FA-3AA556B1035F}"
EndProject
Project("{9A19103F-16F7-4668-BE54-9A1E7A4F7556}") = "06.SongsQueue", "06.SongsQueue\06.SongsQueue.csproj", "{2FD1C5E8-C894-4430-824D-AB17BA68F483}"
EndProject
Project("{9A19103F-16F7-4668-BE54-9A1E7A4F7556}") = "07.TruckTour", "07.TruckTour\07.TruckTour.csproj", "{9AA1F7EC-C3E2-465A-B8D8-B8AAB6F459D1}"
EndProject
Project("{9A19103F-16F7-4668-BE54-9A1E7A4F7556}") = "10.Crossroads", "10.Crossroads\10.Crossroads.csproj", "{3018A1EC-D514-49B4-BA0B-4D540550EA7E}"
EndProject
Project("{FAE04EC0-301F-11D3-BF4B-00C04F79EFBC}") = "11.KeyRevolver", "11.KeyRevolver\11.KeyRevolver.csproj", "{15C1C8D7-F69A-4485-8DF3-09B5FBC910D5}"
EndProject
Project("{FAE04EC0-301F-11D3-BF4B-00C04F79EFBC}") = "12.CupsAndBottles", "12.CupsAndBottles\12.CupsAndBottles.csproj", "{A218B830-99D6-4149-8549-D94F91764EEF}"
EndProject
Global
	GlobalSection(SolutionConfigurationPlatforms) = preSolution
		Debug|Any CPU = Debug|Any CPU
		Release|Any CPU = Release|Any CPU
	EndGlobalSection
	GlobalSection(ProjectConfigurationPlatforms) = postSolution
		{4DB4401E-F8C3-47C8-9F52-0C2794429390}.Debug|Any CPU.ActiveCfg = Debug|Any CPU
		{4DB4401E-F8C3-47C8-9F52-0C2794429390}.Debug|Any CPU.Build.0 = Debug|Any CPU
		{4DB4401E-F8C3-47C8-9F52-0C2794429390}.Release|Any CPU.ActiveCfg = Release|Any CPU
		{4DB4401E-F8C3-47C8-9F52-0C2794429390}.Release|Any CPU.Build.0 = Release|Any CPU
		{2BACC5AA-5CDC-4DE3-AAC5-0E91FA0845B9}.Debug|Any CPU.ActiveCfg = Debug|Any CPU
		{2BACC5AA-5CDC-4DE3-AAC5-0E91FA0845B9}.Debug|Any CPU.Build.0 = Debug|Any CPU
		{2BACC5AA-5CDC-4DE3-AAC5-0E91FA0845B9}.Release|Any CPU.ActiveCfg = Release|Any CPU
		{2BACC5AA-5CDC-4DE3-AAC5-0E91FA0845B9}.Release|Any CPU.Build.0 = Release|Any CPU
		{F3205CE7-DDBD-483E-B6A2-59D14B849C46}.Debug|Any CPU.ActiveCfg = Debug|Any CPU
		{F3205CE7-DDBD-483E-B6A2-59D14B849C46}.Debug|Any CPU.Build.0 = Debug|Any CPU
		{F3205CE7-DDBD-483E-B6A2-59D14B849C46}.Release|Any CPU.ActiveCfg = Release|Any CPU
		{F3205CE7-DDBD-483E-B6A2-59D14B849C46}.Release|Any CPU.Build.0 = Release|Any CPU
		{7C52B1FA-F2B4-4CDD-9E52-3FB2910EDE2B}.Debug|Any CPU.ActiveCfg = Debug|Any CPU
		{7C52B1FA-F2B4-4CDD-9E52-3FB2910EDE2B}.Debug|Any CPU.Build.0 = Debug|Any CPU
		{7C52B1FA-F2B4-4CDD-9E52-3FB2910EDE2B}.Release|Any CPU.ActiveCfg = Release|Any CPU
		{7C52B1FA-F2B4-4CDD-9E52-3FB2910EDE2B}.Release|Any CPU.Build.0 = Release|Any CPU
		{5C90CB04-30D3-4BB2-A061-8A66C7F8AB0E}.Debug|Any CPU.ActiveCfg = Debug|Any CPU
		{5C90CB04-30D3-4BB2-A061-8A66C7F8AB0E}.Debug|Any CPU.Build.0 = Debug|Any CPU
		{5C90CB04-30D3-4BB2-A061-8A66C7F8AB0E}.Release|Any CPU.ActiveCfg = Release|Any CPU
		{5C90CB04-30D3-4BB2-A061-8A66C7F8AB0E}.Release|Any CPU.Build.0 = Release|Any CPU
		{31019629-9E75-4177-BEE9-4D2149387B4C}.Debug|Any CPU.ActiveCfg = Debug|Any CPU
		{31019629-9E75-4177-BEE9-4D2149387B4C}.Debug|Any CPU.Build.0 = Debug|Any CPU
		{31019629-9E75-4177-BEE9-4D2149387B4C}.Release|Any CPU.ActiveCfg = Release|Any CPU
		{31019629-9E75-4177-BEE9-4D2149387B4C}.Release|Any CPU.Build.0 = Release|Any CPU
		{67BF850A-0CD1-4DA4-89FA-3AA556B1035F}.Debug|Any CPU.ActiveCfg = Debug|Any CPU
		{67BF850A-0CD1-4DA4-89FA-3AA556B1035F}.Debug|Any CPU.Build.0 = Debug|Any CPU
		{67BF850A-0CD1-4DA4-89FA-3AA556B1035F}.Release|Any CPU.ActiveCfg = Release|Any CPU
		{67BF850A-0CD1-4DA4-89FA-3AA556B1035F}.Release|Any CPU.Build.0 = Release|Any CPU
		{2FD1C5E8-C894-4430-824D-AB17BA68F483}.Debug|Any CPU.ActiveCfg = Debug|Any CPU
		{2FD1C5E8-C894-4430-824D-AB17BA68F483}.Debug|Any CPU.Build.0 = Debug|Any CPU
		{2FD1C5E8-C894-4430-824D-AB17BA68F483}.Release|Any CPU.ActiveCfg = Release|Any CPU
		{2FD1C5E8-C894-4430-824D-AB17BA68F483}.Release|Any CPU.Build.0 = Release|Any CPU
		{9AA1F7EC-C3E2-465A-B8D8-B8AAB6F459D1}.Debug|Any CPU.ActiveCfg = Debug|Any CPU
		{9AA1F7EC-C3E2-465A-B8D8-B8AAB6F459D1}.Debug|Any CPU.Build.0 = Debug|Any CPU
		{9AA1F7EC-C3E2-465A-B8D8-B8AAB6F459D1}.Release|Any CPU.ActiveCfg = Release|Any CPU
		{9AA1F7EC-C3E2-465A-B8D8-B8AAB6F459D1}.Release|Any CPU.Build.0 = Release|Any CPU
		{3018A1EC-D514-49B4-BA0B-4D540550EA7E}.Debug|Any CPU.ActiveCfg = Debug|Any CPU
		{3018A1EC-D514-49B4-BA0B-4D540550EA7E}.Debug|Any CPU.Build.0 = Debug|Any CPU
		{3018A1EC-D514-49B4-BA0B-4D540550EA7E}.Release|Any CPU.ActiveCfg = Release|Any CPU
		{3018A1EC-D514-49B4-BA0B-4D540550EA7E}.Release|Any CPU.Build.0 = Release|Any CPU
		{15C1C8D7-F69A-4485-8DF3-09B5FBC910D5}.Debug|Any CPU.ActiveCfg = Debug|Any CPU
		{15C1C8D7-F69A-4485-8DF3-09B5FBC910D5}.Debug|Any CPU.Build.0 = Debug|Any CPU
		{15C1C8D7-F69A-4485-8DF3-09B5FBC910D5}.Release|Any CPU.ActiveCfg = Release|Any CPU
		{15C1C8D7-F69A-4485-8DF3-09B5FBC910D5}.Release|Any CPU.Build.0 = Release|Any CPU
		{A218B830-99D6-4149-8549-D94F91764EEF}.Debug|Any CPU.ActiveCfg = Debug|Any CPU
		{A218B830-99D6-4149-8549-D94F91764EEF}.Debug|Any CPU.Build.0 = Debug|Any CPU
		{A218B830-99D6-4149-8549-D94F91764EEF}.Release|Any CPU.ActiveCfg = Release|Any CPU
		{A218B830-99D6-4149-8549-D94F91764EEF}.Release|Any CPU.Build.0 = Release|Any CPU
	EndGlobalSection
	GlobalSection(SolutionProperties) = preSolution
		HideSolutionNode = FALSE
	EndGlobalSection
	GlobalSection(ExtensibilityGlobals) = postSolution
		SolutionGuid = {60EFFFCD-FE01-49A8-AE58-D3E156E034F3}
	EndGlobalSection
EndGlobal
