
Microsoft Visual Studio Solution File, Format Version 12.00
# Visual Studio Version 16
VisualStudioVersion = 16.0.31727.386
MinimumVisualStudioVersion = 10.0.40219.1
Project("{9A19103F-16F7-4668-BE54-9A1E7A4F7556}") = "Vehicles", "Vehicles\Vehicles.csproj", "{AF122269-353C-4DFD-9D22-59F5FC407B52}"
EndProject
Project("{9A19103F-16F7-4668-BE54-9A1E7A4F7556}") = "Raiding", "Raiding\Raiding.csproj", "{2EEF97B8-7E3D-49BB-849C-51E8DD52AF0A}"
EndProject
Project("{FAE04EC0-301F-11D3-BF4B-00C04F79EFBC}") = "WildFarm", "WildFarm\WildFarm.csproj", "{AAB7408D-6C37-4188-97C6-A3750CC5E776}"
EndProject
Global
	GlobalSection(SolutionConfigurationPlatforms) = preSolution
		Debug|Any CPU = Debug|Any CPU
		Release|Any CPU = Release|Any CPU
	EndGlobalSection
	GlobalSection(ProjectConfigurationPlatforms) = postSolution
		{AF122269-353C-4DFD-9D22-59F5FC407B52}.Debug|Any CPU.ActiveCfg = Debug|Any CPU
		{AF122269-353C-4DFD-9D22-59F5FC407B52}.Debug|Any CPU.Build.0 = Debug|Any CPU
		{AF122269-353C-4DFD-9D22-59F5FC407B52}.Release|Any CPU.ActiveCfg = Release|Any CPU
		{AF122269-353C-4DFD-9D22-59F5FC407B52}.Release|Any CPU.Build.0 = Release|Any CPU
		{2EEF97B8-7E3D-49BB-849C-51E8DD52AF0A}.Debug|Any CPU.ActiveCfg = Debug|Any CPU
		{2EEF97B8-7E3D-49BB-849C-51E8DD52AF0A}.Debug|Any CPU.Build.0 = Debug|Any CPU
		{2EEF97B8-7E3D-49BB-849C-51E8DD52AF0A}.Release|Any CPU.ActiveCfg = Release|Any CPU
		{2EEF97B8-7E3D-49BB-849C-51E8DD52AF0A}.Release|Any CPU.Build.0 = Release|Any CPU
		{AAB7408D-6C37-4188-97C6-A3750CC5E776}.Debug|Any CPU.ActiveCfg = Debug|Any CPU
		{AAB7408D-6C37-4188-97C6-A3750CC5E776}.Debug|Any CPU.Build.0 = Debug|Any CPU
		{AAB7408D-6C37-4188-97C6-A3750CC5E776}.Release|Any CPU.ActiveCfg = Release|Any CPU
		{AAB7408D-6C37-4188-97C6-A3750CC5E776}.Release|Any CPU.Build.0 = Release|Any CPU
	EndGlobalSection
	GlobalSection(SolutionProperties) = preSolution
		HideSolutionNode = FALSE
	EndGlobalSection
	GlobalSection(ExtensibilityGlobals) = postSolution
		SolutionGuid = {3024FD9D-CF20-4186-A00C-0AE0CC1ECBFE}
	EndGlobalSection
EndGlobal
