
Microsoft Visual Studio Solution File, Format Version 12.00
# Visual Studio Version 16
VisualStudioVersion = 16.0.31702.278
MinimumVisualStudioVersion = 10.0.40219.1
Project("{FAE04EC0-301F-11D3-BF4B-00C04F79EFBC}") = "CarManufacturer", "CarManufacturer\CarManufacturer.csproj", "{D38196EF-0EFA-415B-A629-6462670EC75B}"
EndProject
Global
	GlobalSection(SolutionConfigurationPlatforms) = preSolution
		Debug|Any CPU = Debug|Any CPU
		Release|Any CPU = Release|Any CPU
	EndGlobalSection
	GlobalSection(ProjectConfigurationPlatforms) = postSolution
		{D38196EF-0EFA-415B-A629-6462670EC75B}.Debug|Any CPU.ActiveCfg = Debug|Any CPU
		{D38196EF-0EFA-415B-A629-6462670EC75B}.Debug|Any CPU.Build.0 = Debug|Any CPU
		{D38196EF-0EFA-415B-A629-6462670EC75B}.Release|Any CPU.ActiveCfg = Release|Any CPU
		{D38196EF-0EFA-415B-A629-6462670EC75B}.Release|Any CPU.Build.0 = Release|Any CPU
	EndGlobalSection
	GlobalSection(SolutionProperties) = preSolution
		HideSolutionNode = FALSE
	EndGlobalSection
	GlobalSection(ExtensibilityGlobals) = postSolution
		SolutionGuid = {3793D8AB-97B5-4496-8E49-9A4FE4087E6E}
	EndGlobalSection
EndGlobal
