
Microsoft Visual Studio Solution File, Format Version 12.00
# Visual Studio Version 16
VisualStudioVersion = 16.0.31727.386
MinimumVisualStudioVersion = 10.0.40219.1
Project("{9A19103F-16F7-4668-BE54-9A1E7A4F7556}") = "02.Snake", "02.Snake\02.Snake.csproj", "{336EA382-CEA1-47D9-BBA6-8F8C635912F8}"
EndProject
Project("{9A19103F-16F7-4668-BE54-9A1E7A4F7556}") = "Parking", "Parking\Parking.csproj", "{4A41FA23-F764-4DBA-B225-7CF8183105F1}"
EndProject
Project("{9A19103F-16F7-4668-BE54-9A1E7A4F7556}") = "01.Bombs", "01.Bomb\01.Bombs.csproj", "{E03688BF-9347-4479-AAFA-301BB1FE1ABB}"
EndProject
Global
	GlobalSection(SolutionConfigurationPlatforms) = preSolution
		Debug|Any CPU = Debug|Any CPU
		Release|Any CPU = Release|Any CPU
	EndGlobalSection
	GlobalSection(ProjectConfigurationPlatforms) = postSolution
		{336EA382-CEA1-47D9-BBA6-8F8C635912F8}.Debug|Any CPU.ActiveCfg = Debug|Any CPU
		{336EA382-CEA1-47D9-BBA6-8F8C635912F8}.Debug|Any CPU.Build.0 = Debug|Any CPU
		{336EA382-CEA1-47D9-BBA6-8F8C635912F8}.Release|Any CPU.ActiveCfg = Release|Any CPU
		{336EA382-CEA1-47D9-BBA6-8F8C635912F8}.Release|Any CPU.Build.0 = Release|Any CPU
		{4A41FA23-F764-4DBA-B225-7CF8183105F1}.Debug|Any CPU.ActiveCfg = Debug|Any CPU
		{4A41FA23-F764-4DBA-B225-7CF8183105F1}.Debug|Any CPU.Build.0 = Debug|Any CPU
		{4A41FA23-F764-4DBA-B225-7CF8183105F1}.Release|Any CPU.ActiveCfg = Release|Any CPU
		{4A41FA23-F764-4DBA-B225-7CF8183105F1}.Release|Any CPU.Build.0 = Release|Any CPU
		{E03688BF-9347-4479-AAFA-301BB1FE1ABB}.Debug|Any CPU.ActiveCfg = Debug|Any CPU
		{E03688BF-9347-4479-AAFA-301BB1FE1ABB}.Debug|Any CPU.Build.0 = Debug|Any CPU
		{E03688BF-9347-4479-AAFA-301BB1FE1ABB}.Release|Any CPU.ActiveCfg = Release|Any CPU
		{E03688BF-9347-4479-AAFA-301BB1FE1ABB}.Release|Any CPU.Build.0 = Release|Any CPU
	EndGlobalSection
	GlobalSection(SolutionProperties) = preSolution
		HideSolutionNode = FALSE
	EndGlobalSection
	GlobalSection(ExtensibilityGlobals) = postSolution
		SolutionGuid = {205D2B68-9BBA-4651-BC7D-D8CB3288C7C3}
	EndGlobalSection
EndGlobal
