
Microsoft Visual Studio Solution File, Format Version 12.00
# Visual Studio Version 16
VisualStudioVersion = 16.0.31727.386
MinimumVisualStudioVersion = 10.0.40219.1
Project("{FAE04EC0-301F-11D3-BF4B-00C04F79EFBC}") = "FlowerWreaths", "FlowerWreaths\FlowerWreaths.csproj", "{B85B5987-F39D-43FB-A69F-29DC88B22BFC}"
EndProject
Project("{9A19103F-16F7-4668-BE54-9A1E7A4F7556}") = "VetClinic", "VetClinic\VetClinic.csproj", "{FDB020EA-947E-4ACC-A79C-10FC49BD1F9A}"
EndProject
Project("{FAE04EC0-301F-11D3-BF4B-00C04F79EFBC}") = "Bee", "Bee\Bee.csproj", "{629BCFE7-D5CD-4310-B098-2FDF0055D7D7}"
EndProject
Global
	GlobalSection(SolutionConfigurationPlatforms) = preSolution
		Debug|Any CPU = Debug|Any CPU
		Release|Any CPU = Release|Any CPU
	EndGlobalSection
	GlobalSection(ProjectConfigurationPlatforms) = postSolution
		{B85B5987-F39D-43FB-A69F-29DC88B22BFC}.Debug|Any CPU.ActiveCfg = Debug|Any CPU
		{B85B5987-F39D-43FB-A69F-29DC88B22BFC}.Debug|Any CPU.Build.0 = Debug|Any CPU
		{B85B5987-F39D-43FB-A69F-29DC88B22BFC}.Release|Any CPU.ActiveCfg = Release|Any CPU
		{B85B5987-F39D-43FB-A69F-29DC88B22BFC}.Release|Any CPU.Build.0 = Release|Any CPU
		{FDB020EA-947E-4ACC-A79C-10FC49BD1F9A}.Debug|Any CPU.ActiveCfg = Debug|Any CPU
		{FDB020EA-947E-4ACC-A79C-10FC49BD1F9A}.Debug|Any CPU.Build.0 = Debug|Any CPU
		{FDB020EA-947E-4ACC-A79C-10FC49BD1F9A}.Release|Any CPU.ActiveCfg = Release|Any CPU
		{FDB020EA-947E-4ACC-A79C-10FC49BD1F9A}.Release|Any CPU.Build.0 = Release|Any CPU
		{629BCFE7-D5CD-4310-B098-2FDF0055D7D7}.Debug|Any CPU.ActiveCfg = Debug|Any CPU
		{629BCFE7-D5CD-4310-B098-2FDF0055D7D7}.Debug|Any CPU.Build.0 = Debug|Any CPU
		{629BCFE7-D5CD-4310-B098-2FDF0055D7D7}.Release|Any CPU.ActiveCfg = Release|Any CPU
		{629BCFE7-D5CD-4310-B098-2FDF0055D7D7}.Release|Any CPU.Build.0 = Release|Any CPU
	EndGlobalSection
	GlobalSection(SolutionProperties) = preSolution
		HideSolutionNode = FALSE
	EndGlobalSection
	GlobalSection(ExtensibilityGlobals) = postSolution
		SolutionGuid = {F79BC571-F2AF-467E-A207-1D9A7BC9991A}
	EndGlobalSection
EndGlobal
