
Microsoft Visual Studio Solution File, Format Version 12.00
# Visual Studio Version 16
VisualStudioVersion = 16.0.31702.278
MinimumVisualStudioVersion = 10.0.40219.1
Project("{9A19103F-16F7-4668-BE54-9A1E7A4F7556}") = "01.DiagonalDifference", "01.DiagonalDifference\01.DiagonalDifference.csproj", "{95C0F42B-2A89-437E-8741-12E948896A33}"
EndProject
Project("{9A19103F-16F7-4668-BE54-9A1E7A4F7556}") = "02.SquaresInMatrix", "02.SquaresInMatrix\02.SquaresInMatrix.csproj", "{AED74593-EACC-4531-9A1F-62CB8E8A4D0F}"
EndProject
Project("{9A19103F-16F7-4668-BE54-9A1E7A4F7556}") = "03.MaximalSum", "03.MaximalSum\03.MaximalSum.csproj", "{108F4EEA-AA32-4593-A1DF-DD61C6F8ED98}"
EndProject
Project("{9A19103F-16F7-4668-BE54-9A1E7A4F7556}") = "04.MatrixShuffling", "04.MatrixShuffling\04.MatrixShuffling.csproj", "{3B76AD43-9764-4817-A360-D4E4CD232AF3}"
EndProject
Project("{9A19103F-16F7-4668-BE54-9A1E7A4F7556}") = "05.SnakeMoves", "05.SnakeMoves\05.SnakeMoves.csproj", "{1095FC0F-9D7D-4705-8FFB-28454F4C6546}"
EndProject
Project("{9A19103F-16F7-4668-BE54-9A1E7A4F7556}") = "06.JaggedArrayManipulator", "06.JaggedArrayManipulator\06.JaggedArrayManipulator.csproj", "{9A3D8766-825D-4B85-8253-E0507B487EDF}"
EndProject
Project("{9A19103F-16F7-4668-BE54-9A1E7A4F7556}") = "07.KnightGame", "07.KnightGame\07.KnightGame.csproj", "{1E1F69E5-7D34-44B3-A462-2B6C6D840E7A}"
EndProject
Project("{9A19103F-16F7-4668-BE54-9A1E7A4F7556}") = "08.Bombs", "08.Bombs\08.Bombs.csproj", "{3961193A-77A4-4580-85E1-1FE7ECAA4A9A}"
EndProject
Project("{9A19103F-16F7-4668-BE54-9A1E7A4F7556}") = "10.RadioactiveMutantVampireBunnies", "10.RadioactiveMutantVampireBunnies\10.RadioactiveMutantVampireBunnies.csproj", "{B72A2CD4-261F-4E41-B0B4-30952F77FF00}"
EndProject
Project("{FAE04EC0-301F-11D3-BF4B-00C04F79EFBC}") = "09.Miner", "09.Miner\09.Miner.csproj", "{10D3454A-3718-4B2D-8794-D89DA19F4707}"
EndProject
Global
	GlobalSection(SolutionConfigurationPlatforms) = preSolution
		Debug|Any CPU = Debug|Any CPU
		Release|Any CPU = Release|Any CPU
	EndGlobalSection
	GlobalSection(ProjectConfigurationPlatforms) = postSolution
		{95C0F42B-2A89-437E-8741-12E948896A33}.Debug|Any CPU.ActiveCfg = Debug|Any CPU
		{95C0F42B-2A89-437E-8741-12E948896A33}.Debug|Any CPU.Build.0 = Debug|Any CPU
		{95C0F42B-2A89-437E-8741-12E948896A33}.Release|Any CPU.ActiveCfg = Release|Any CPU
		{95C0F42B-2A89-437E-8741-12E948896A33}.Release|Any CPU.Build.0 = Release|Any CPU
		{AED74593-EACC-4531-9A1F-62CB8E8A4D0F}.Debug|Any CPU.ActiveCfg = Debug|Any CPU
		{AED74593-EACC-4531-9A1F-62CB8E8A4D0F}.Debug|Any CPU.Build.0 = Debug|Any CPU
		{AED74593-EACC-4531-9A1F-62CB8E8A4D0F}.Release|Any CPU.ActiveCfg = Release|Any CPU
		{AED74593-EACC-4531-9A1F-62CB8E8A4D0F}.Release|Any CPU.Build.0 = Release|Any CPU
		{108F4EEA-AA32-4593-A1DF-DD61C6F8ED98}.Debug|Any CPU.ActiveCfg = Debug|Any CPU
		{108F4EEA-AA32-4593-A1DF-DD61C6F8ED98}.Debug|Any CPU.Build.0 = Debug|Any CPU
		{108F4EEA-AA32-4593-A1DF-DD61C6F8ED98}.Release|Any CPU.ActiveCfg = Release|Any CPU
		{108F4EEA-AA32-4593-A1DF-DD61C6F8ED98}.Release|Any CPU.Build.0 = Release|Any CPU
		{3B76AD43-9764-4817-A360-D4E4CD232AF3}.Debug|Any CPU.ActiveCfg = Debug|Any CPU
		{3B76AD43-9764-4817-A360-D4E4CD232AF3}.Debug|Any CPU.Build.0 = Debug|Any CPU
		{3B76AD43-9764-4817-A360-D4E4CD232AF3}.Release|Any CPU.ActiveCfg = Release|Any CPU
		{3B76AD43-9764-4817-A360-D4E4CD232AF3}.Release|Any CPU.Build.0 = Release|Any CPU
		{1095FC0F-9D7D-4705-8FFB-28454F4C6546}.Debug|Any CPU.ActiveCfg = Debug|Any CPU
		{1095FC0F-9D7D-4705-8FFB-28454F4C6546}.Debug|Any CPU.Build.0 = Debug|Any CPU
		{1095FC0F-9D7D-4705-8FFB-28454F4C6546}.Release|Any CPU.ActiveCfg = Release|Any CPU
		{1095FC0F-9D7D-4705-8FFB-28454F4C6546}.Release|Any CPU.Build.0 = Release|Any CPU
		{9A3D8766-825D-4B85-8253-E0507B487EDF}.Debug|Any CPU.ActiveCfg = Debug|Any CPU
		{9A3D8766-825D-4B85-8253-E0507B487EDF}.Debug|Any CPU.Build.0 = Debug|Any CPU
		{9A3D8766-825D-4B85-8253-E0507B487EDF}.Release|Any CPU.ActiveCfg = Release|Any CPU
		{9A3D8766-825D-4B85-8253-E0507B487EDF}.Release|Any CPU.Build.0 = Release|Any CPU
		{1E1F69E5-7D34-44B3-A462-2B6C6D840E7A}.Debug|Any CPU.ActiveCfg = Debug|Any CPU
		{1E1F69E5-7D34-44B3-A462-2B6C6D840E7A}.Debug|Any CPU.Build.0 = Debug|Any CPU
		{1E1F69E5-7D34-44B3-A462-2B6C6D840E7A}.Release|Any CPU.ActiveCfg = Release|Any CPU
		{1E1F69E5-7D34-44B3-A462-2B6C6D840E7A}.Release|Any CPU.Build.0 = Release|Any CPU
		{3961193A-77A4-4580-85E1-1FE7ECAA4A9A}.Debug|Any CPU.ActiveCfg = Debug|Any CPU
		{3961193A-77A4-4580-85E1-1FE7ECAA4A9A}.Debug|Any CPU.Build.0 = Debug|Any CPU
		{3961193A-77A4-4580-85E1-1FE7ECAA4A9A}.Release|Any CPU.ActiveCfg = Release|Any CPU
		{3961193A-77A4-4580-85E1-1FE7ECAA4A9A}.Release|Any CPU.Build.0 = Release|Any CPU
		{B72A2CD4-261F-4E41-B0B4-30952F77FF00}.Debug|Any CPU.ActiveCfg = Debug|Any CPU
		{B72A2CD4-261F-4E41-B0B4-30952F77FF00}.Debug|Any CPU.Build.0 = Debug|Any CPU
		{B72A2CD4-261F-4E41-B0B4-30952F77FF00}.Release|Any CPU.ActiveCfg = Release|Any CPU
		{B72A2CD4-261F-4E41-B0B4-30952F77FF00}.Release|Any CPU.Build.0 = Release|Any CPU
		{10D3454A-3718-4B2D-8794-D89DA19F4707}.Debug|Any CPU.ActiveCfg = Debug|Any CPU
		{10D3454A-3718-4B2D-8794-D89DA19F4707}.Debug|Any CPU.Build.0 = Debug|Any CPU
		{10D3454A-3718-4B2D-8794-D89DA19F4707}.Release|Any CPU.ActiveCfg = Release|Any CPU
		{10D3454A-3718-4B2D-8794-D89DA19F4707}.Release|Any CPU.Build.0 = Release|Any CPU
	EndGlobalSection
	GlobalSection(SolutionProperties) = preSolution
		HideSolutionNode = FALSE
	EndGlobalSection
	GlobalSection(ExtensibilityGlobals) = postSolution
		SolutionGuid = {5D8AB6EC-1200-42A0-A943-7C4A9443F24E}
	EndGlobalSection
EndGlobal
