
Microsoft Visual Studio Solution File, Format Version 12.00
# Visual Studio Version 16
VisualStudioVersion = 16.0.31702.278
MinimumVisualStudioVersion = 10.0.40219.1
Project("{FAE04EC0-301F-11D3-BF4B-00C04F79EFBC}") = "01.SortEvenNumbers", "01.SortEvenNumbers\01.SortEvenNumbers.csproj", "{83D19FDD-8C45-4EDE-B925-DAE5322718E0}"
EndProject
Project("{FAE04EC0-301F-11D3-BF4B-00C04F79EFBC}") = "02.SumNumbers", "02.SumNumbers\02.SumNumbers.csproj", "{792B71D2-439F-42C9-AD1C-19D897088F85}"
EndProject
Project("{FAE04EC0-301F-11D3-BF4B-00C04F79EFBC}") = "03.CountUppercaseWords", "03.CountUppercaseWords\03.CountUppercaseWords.csproj", "{320A3003-DABE-40E7-9C36-E93CDD02332A}"
EndProject
Project("{FAE04EC0-301F-11D3-BF4B-00C04F79EFBC}") = "04. AddVAT", "04. AddVAT\04. AddVAT.csproj", "{785E8973-5574-4741-95FA-89B7CBF8FF9F}"
EndProject
Project("{FAE04EC0-301F-11D3-BF4B-00C04F79EFBC}") = "05.FilterByAge", "05.FilterByAge\05.FilterByAge.csproj", "{8999F77A-3D32-4F16-88C2-9138C7F978A5}"
EndProject
Global
	GlobalSection(SolutionConfigurationPlatforms) = preSolution
		Debug|Any CPU = Debug|Any CPU
		Release|Any CPU = Release|Any CPU
	EndGlobalSection
	GlobalSection(ProjectConfigurationPlatforms) = postSolution
		{83D19FDD-8C45-4EDE-B925-DAE5322718E0}.Debug|Any CPU.ActiveCfg = Debug|Any CPU
		{83D19FDD-8C45-4EDE-B925-DAE5322718E0}.Debug|Any CPU.Build.0 = Debug|Any CPU
		{83D19FDD-8C45-4EDE-B925-DAE5322718E0}.Release|Any CPU.ActiveCfg = Release|Any CPU
		{83D19FDD-8C45-4EDE-B925-DAE5322718E0}.Release|Any CPU.Build.0 = Release|Any CPU
		{792B71D2-439F-42C9-AD1C-19D897088F85}.Debug|Any CPU.ActiveCfg = Debug|Any CPU
		{792B71D2-439F-42C9-AD1C-19D897088F85}.Debug|Any CPU.Build.0 = Debug|Any CPU
		{792B71D2-439F-42C9-AD1C-19D897088F85}.Release|Any CPU.ActiveCfg = Release|Any CPU
		{792B71D2-439F-42C9-AD1C-19D897088F85}.Release|Any CPU.Build.0 = Release|Any CPU
		{320A3003-DABE-40E7-9C36-E93CDD02332A}.Debug|Any CPU.ActiveCfg = Debug|Any CPU
		{320A3003-DABE-40E7-9C36-E93CDD02332A}.Debug|Any CPU.Build.0 = Debug|Any CPU
		{320A3003-DABE-40E7-9C36-E93CDD02332A}.Release|Any CPU.ActiveCfg = Release|Any CPU
		{320A3003-DABE-40E7-9C36-E93CDD02332A}.Release|Any CPU.Build.0 = Release|Any CPU
		{785E8973-5574-4741-95FA-89B7CBF8FF9F}.Debug|Any CPU.ActiveCfg = Debug|Any CPU
		{785E8973-5574-4741-95FA-89B7CBF8FF9F}.Debug|Any CPU.Build.0 = Debug|Any CPU
		{785E8973-5574-4741-95FA-89B7CBF8FF9F}.Release|Any CPU.ActiveCfg = Release|Any CPU
		{785E8973-5574-4741-95FA-89B7CBF8FF9F}.Release|Any CPU.Build.0 = Release|Any CPU
		{8999F77A-3D32-4F16-88C2-9138C7F978A5}.Debug|Any CPU.ActiveCfg = Debug|Any CPU
		{8999F77A-3D32-4F16-88C2-9138C7F978A5}.Debug|Any CPU.Build.0 = Debug|Any CPU
		{8999F77A-3D32-4F16-88C2-9138C7F978A5}.Release|Any CPU.ActiveCfg = Release|Any CPU
		{8999F77A-3D32-4F16-88C2-9138C7F978A5}.Release|Any CPU.Build.0 = Release|Any CPU
	EndGlobalSection
	GlobalSection(SolutionProperties) = preSolution
		HideSolutionNode = FALSE
	EndGlobalSection
	GlobalSection(ExtensibilityGlobals) = postSolution
		SolutionGuid = {524F99CA-D75E-4491-9D8A-E75B86036D3D}
	EndGlobalSection
EndGlobal
