
Microsoft Visual Studio Solution File, Format Version 12.00
# Visual Studio Version 16
VisualStudioVersion = 16.0.30907.101
MinimumVisualStudioVersion = 10.0.40219.1
Project("{9A19103F-16F7-4668-BE54-9A1E7A4F7556}") = "01.Ages", "01.Ages\01.Ages.csproj", "{55F2D809-95D9-4A7E-8035-79F27E4A5F57}"
EndProject
Project("{FAE04EC0-301F-11D3-BF4B-00C04F79EFBC}") = "02.Division", "02.Division\02.Division.csproj", "{95856C18-389C-4DC5-91D2-AED8834E5AEB}"
EndProject
Project("{FAE04EC0-301F-11D3-BF4B-00C04F79EFBC}") = "03.Vacantion", "03.Vacantion\03.Vacantion.csproj", "{49BFB8EC-B467-4082-BC0E-48761064F626}"
EndProject
Project("{FAE04EC0-301F-11D3-BF4B-00C04F79EFBC}") = "04.PrintAndSum", "04.PrintAndSum\04.PrintAndSum.csproj", "{00AC3DD1-336E-40CD-A79C-FE870D5C6D85}"
EndProject
Project("{FAE04EC0-301F-11D3-BF4B-00C04F79EFBC}") = "05.Login", "05.Login\05.Login.csproj", "{D5725A40-4759-4080-A420-BD4D8749A710}"
EndProject
Project("{FAE04EC0-301F-11D3-BF4B-00C04F79EFBC}") = "06.StrongNumber", "06.StrongNumber\06.StrongNumber.csproj", "{D56387E5-9D64-4716-954B-80CDB3B8A19C}"
EndProject
Project("{FAE04EC0-301F-11D3-BF4B-00C04F79EFBC}") = "07.VendingMachine", "07.VendingMachine\07.VendingMachine.csproj", "{7DF59917-6E2E-4517-BD85-35F921932AA0}"
EndProject
Project("{FAE04EC0-301F-11D3-BF4B-00C04F79EFBC}") = "08.TriangleOfNumbers", "08.TriangleOfNumbers\08.TriangleOfNumbers.csproj", "{1B6A3729-9457-48B3-A86B-61DE628404FF}"
EndProject
Project("{FAE04EC0-301F-11D3-BF4B-00C04F79EFBC}") = "09.PadawanEquipment", "09.PadawanEquipment\09.PadawanEquipment.csproj", "{72E61D5A-A1EC-4995-9EED-947B0D766E61}"
EndProject
Project("{FAE04EC0-301F-11D3-BF4B-00C04F79EFBC}") = "10.RageExpenses", "10.RageExpenses\10.RageExpenses.csproj", "{9F40F710-E6A3-4179-87F7-C83EABE53F37}"
EndProject
Global
	GlobalSection(SolutionConfigurationPlatforms) = preSolution
		Debug|Any CPU = Debug|Any CPU
		Release|Any CPU = Release|Any CPU
	EndGlobalSection
	GlobalSection(ProjectConfigurationPlatforms) = postSolution
		{55F2D809-95D9-4A7E-8035-79F27E4A5F57}.Debug|Any CPU.ActiveCfg = Debug|Any CPU
		{55F2D809-95D9-4A7E-8035-79F27E4A5F57}.Debug|Any CPU.Build.0 = Debug|Any CPU
		{55F2D809-95D9-4A7E-8035-79F27E4A5F57}.Release|Any CPU.ActiveCfg = Release|Any CPU
		{55F2D809-95D9-4A7E-8035-79F27E4A5F57}.Release|Any CPU.Build.0 = Release|Any CPU
		{95856C18-389C-4DC5-91D2-AED8834E5AEB}.Debug|Any CPU.ActiveCfg = Debug|Any CPU
		{95856C18-389C-4DC5-91D2-AED8834E5AEB}.Debug|Any CPU.Build.0 = Debug|Any CPU
		{95856C18-389C-4DC5-91D2-AED8834E5AEB}.Release|Any CPU.ActiveCfg = Release|Any CPU
		{95856C18-389C-4DC5-91D2-AED8834E5AEB}.Release|Any CPU.Build.0 = Release|Any CPU
		{49BFB8EC-B467-4082-BC0E-48761064F626}.Debug|Any CPU.ActiveCfg = Debug|Any CPU
		{49BFB8EC-B467-4082-BC0E-48761064F626}.Debug|Any CPU.Build.0 = Debug|Any CPU
		{49BFB8EC-B467-4082-BC0E-48761064F626}.Release|Any CPU.ActiveCfg = Release|Any CPU
		{49BFB8EC-B467-4082-BC0E-48761064F626}.Release|Any CPU.Build.0 = Release|Any CPU
		{00AC3DD1-336E-40CD-A79C-FE870D5C6D85}.Debug|Any CPU.ActiveCfg = Debug|Any CPU
		{00AC3DD1-336E-40CD-A79C-FE870D5C6D85}.Debug|Any CPU.Build.0 = Debug|Any CPU
		{00AC3DD1-336E-40CD-A79C-FE870D5C6D85}.Release|Any CPU.ActiveCfg = Release|Any CPU
		{00AC3DD1-336E-40CD-A79C-FE870D5C6D85}.Release|Any CPU.Build.0 = Release|Any CPU
		{D5725A40-4759-4080-A420-BD4D8749A710}.Debug|Any CPU.ActiveCfg = Debug|Any CPU
		{D5725A40-4759-4080-A420-BD4D8749A710}.Debug|Any CPU.Build.0 = Debug|Any CPU
		{D5725A40-4759-4080-A420-BD4D8749A710}.Release|Any CPU.ActiveCfg = Release|Any CPU
		{D5725A40-4759-4080-A420-BD4D8749A710}.Release|Any CPU.Build.0 = Release|Any CPU
		{D56387E5-9D64-4716-954B-80CDB3B8A19C}.Debug|Any CPU.ActiveCfg = Debug|Any CPU
		{D56387E5-9D64-4716-954B-80CDB3B8A19C}.Debug|Any CPU.Build.0 = Debug|Any CPU
		{D56387E5-9D64-4716-954B-80CDB3B8A19C}.Release|Any CPU.ActiveCfg = Release|Any CPU
		{D56387E5-9D64-4716-954B-80CDB3B8A19C}.Release|Any CPU.Build.0 = Release|Any CPU
		{7DF59917-6E2E-4517-BD85-35F921932AA0}.Debug|Any CPU.ActiveCfg = Debug|Any CPU
		{7DF59917-6E2E-4517-BD85-35F921932AA0}.Debug|Any CPU.Build.0 = Debug|Any CPU
		{7DF59917-6E2E-4517-BD85-35F921932AA0}.Release|Any CPU.ActiveCfg = Release|Any CPU
		{7DF59917-6E2E-4517-BD85-35F921932AA0}.Release|Any CPU.Build.0 = Release|Any CPU
		{1B6A3729-9457-48B3-A86B-61DE628404FF}.Debug|Any CPU.ActiveCfg = Debug|Any CPU
		{1B6A3729-9457-48B3-A86B-61DE628404FF}.Debug|Any CPU.Build.0 = Debug|Any CPU
		{1B6A3729-9457-48B3-A86B-61DE628404FF}.Release|Any CPU.ActiveCfg = Release|Any CPU
		{1B6A3729-9457-48B3-A86B-61DE628404FF}.Release|Any CPU.Build.0 = Release|Any CPU
		{72E61D5A-A1EC-4995-9EED-947B0D766E61}.Debug|Any CPU.ActiveCfg = Debug|Any CPU
		{72E61D5A-A1EC-4995-9EED-947B0D766E61}.Debug|Any CPU.Build.0 = Debug|Any CPU
		{72E61D5A-A1EC-4995-9EED-947B0D766E61}.Release|Any CPU.ActiveCfg = Release|Any CPU
		{72E61D5A-A1EC-4995-9EED-947B0D766E61}.Release|Any CPU.Build.0 = Release|Any CPU
		{9F40F710-E6A3-4179-87F7-C83EABE53F37}.Debug|Any CPU.ActiveCfg = Debug|Any CPU
		{9F40F710-E6A3-4179-87F7-C83EABE53F37}.Debug|Any CPU.Build.0 = Debug|Any CPU
		{9F40F710-E6A3-4179-87F7-C83EABE53F37}.Release|Any CPU.ActiveCfg = Release|Any CPU
		{9F40F710-E6A3-4179-87F7-C83EABE53F37}.Release|Any CPU.Build.0 = Release|Any CPU
	EndGlobalSection
	GlobalSection(SolutionProperties) = preSolution
		HideSolutionNode = FALSE
	EndGlobalSection
	GlobalSection(ExtensibilityGlobals) = postSolution
		SolutionGuid = {DD543394-C553-453E-8D4B-F2609991E1B8}
	EndGlobalSection
EndGlobal
