
Microsoft Visual Studio Solution File, Format Version 12.00
# Visual Studio Version 16
VisualStudioVersion = 16.0.31729.503
MinimumVisualStudioVersion = 10.0.40219.1
Project("{9A19103F-16F7-4668-BE54-9A1E7A4F7556}") = "Inheritance", "Inheritance\Inheritance.csproj", "{A8C6A2FB-7C96-4F2E-A58C-13D46543963E}"
EndProject
Project("{9A19103F-16F7-4668-BE54-9A1E7A4F7556}") = "Farm", "SingleInheritance\Farm.csproj", "{AE6AAB0B-5873-4510-A8E2-3B144A16E4C0}"
EndProject
Project("{FAE04EC0-301F-11D3-BF4B-00C04F79EFBC}") = "CustomRandomList", "CustomRandomList\CustomRandomList.csproj", "{EA28EBA2-08E2-4D1D-B68E-33EC86285DE0}"
EndProject
Project("{FAE04EC0-301F-11D3-BF4B-00C04F79EFBC}") = "CustomStack", "CustomStack\CustomStack.csproj", "{F5A639A9-0AC8-4024-9076-A367B9060C5A}"
EndProject
Global
	GlobalSection(SolutionConfigurationPlatforms) = preSolution
		Debug|Any CPU = Debug|Any CPU
		Release|Any CPU = Release|Any CPU
	EndGlobalSection
	GlobalSection(ProjectConfigurationPlatforms) = postSolution
		{A8C6A2FB-7C96-4F2E-A58C-13D46543963E}.Debug|Any CPU.ActiveCfg = Debug|Any CPU
		{A8C6A2FB-7C96-4F2E-A58C-13D46543963E}.Debug|Any CPU.Build.0 = Debug|Any CPU
		{A8C6A2FB-7C96-4F2E-A58C-13D46543963E}.Release|Any CPU.ActiveCfg = Release|Any CPU
		{A8C6A2FB-7C96-4F2E-A58C-13D46543963E}.Release|Any CPU.Build.0 = Release|Any CPU
		{AE6AAB0B-5873-4510-A8E2-3B144A16E4C0}.Debug|Any CPU.ActiveCfg = Debug|Any CPU
		{AE6AAB0B-5873-4510-A8E2-3B144A16E4C0}.Debug|Any CPU.Build.0 = Debug|Any CPU
		{AE6AAB0B-5873-4510-A8E2-3B144A16E4C0}.Release|Any CPU.ActiveCfg = Release|Any CPU
		{AE6AAB0B-5873-4510-A8E2-3B144A16E4C0}.Release|Any CPU.Build.0 = Release|Any CPU
		{EA28EBA2-08E2-4D1D-B68E-33EC86285DE0}.Debug|Any CPU.ActiveCfg = Debug|Any CPU
		{EA28EBA2-08E2-4D1D-B68E-33EC86285DE0}.Debug|Any CPU.Build.0 = Debug|Any CPU
		{EA28EBA2-08E2-4D1D-B68E-33EC86285DE0}.Release|Any CPU.ActiveCfg = Release|Any CPU
		{EA28EBA2-08E2-4D1D-B68E-33EC86285DE0}.Release|Any CPU.Build.0 = Release|Any CPU
		{F5A639A9-0AC8-4024-9076-A367B9060C5A}.Debug|Any CPU.ActiveCfg = Debug|Any CPU
		{F5A639A9-0AC8-4024-9076-A367B9060C5A}.Debug|Any CPU.Build.0 = Debug|Any CPU
		{F5A639A9-0AC8-4024-9076-A367B9060C5A}.Release|Any CPU.ActiveCfg = Release|Any CPU
		{F5A639A9-0AC8-4024-9076-A367B9060C5A}.Release|Any CPU.Build.0 = Release|Any CPU
	EndGlobalSection
	GlobalSection(SolutionProperties) = preSolution
		HideSolutionNode = FALSE
	EndGlobalSection
	GlobalSection(ExtensibilityGlobals) = postSolution
		SolutionGuid = {DF794204-35CF-4CFE-908C-6D1728F0D90E}
	EndGlobalSection
EndGlobal
