
Microsoft Visual Studio Solution File, Format Version 12.00
# Visual Studio Version 16
VisualStudioVersion = 16.0.31727.386
MinimumVisualStudioVersion = 10.0.40219.1
Project("{9A19103F-16F7-4668-BE54-9A1E7A4F7556}") = "ClassBoxData", "ClassBoxData\ClassBoxData.csproj", "{35859801-E900-49BC-9D7B-D202E4134136}"
EndProject
Project("{9A19103F-16F7-4668-BE54-9A1E7A4F7556}") = "AnimalFarm", "AnimalFarm\AnimalFarm.csproj", "{5523E01B-35C6-4FE0-8168-F8E4E7CFFFB6}"
EndProject
Project("{9A19103F-16F7-4668-BE54-9A1E7A4F7556}") = "ShoppingSpree", "ShoppingSpree\ShoppingSpree.csproj", "{E2721805-0B9A-44EE-9139-65EC06257108}"
EndProject
Project("{FAE04EC0-301F-11D3-BF4B-00C04F79EFBC}") = "PizzaCalories", "PizzaCalories\PizzaCalories.csproj", "{11977B74-6F42-4FC4-8E53-6DAA7297E09D}"
EndProject
Project("{FAE04EC0-301F-11D3-BF4B-00C04F79EFBC}") = "FootballTeamGenerator", "FootballTeamGenerator\FootballTeamGenerator.csproj", "{5AB83B9F-08D3-4B6B-8D9E-F838B5C544F1}"
EndProject
Global
	GlobalSection(SolutionConfigurationPlatforms) = preSolution
		Debug|Any CPU = Debug|Any CPU
		Release|Any CPU = Release|Any CPU
	EndGlobalSection
	GlobalSection(ProjectConfigurationPlatforms) = postSolution
		{35859801-E900-49BC-9D7B-D202E4134136}.Debug|Any CPU.ActiveCfg = Debug|Any CPU
		{35859801-E900-49BC-9D7B-D202E4134136}.Debug|Any CPU.Build.0 = Debug|Any CPU
		{35859801-E900-49BC-9D7B-D202E4134136}.Release|Any CPU.ActiveCfg = Release|Any CPU
		{35859801-E900-49BC-9D7B-D202E4134136}.Release|Any CPU.Build.0 = Release|Any CPU
		{5523E01B-35C6-4FE0-8168-F8E4E7CFFFB6}.Debug|Any CPU.ActiveCfg = Debug|Any CPU
		{5523E01B-35C6-4FE0-8168-F8E4E7CFFFB6}.Debug|Any CPU.Build.0 = Debug|Any CPU
		{5523E01B-35C6-4FE0-8168-F8E4E7CFFFB6}.Release|Any CPU.ActiveCfg = Release|Any CPU
		{5523E01B-35C6-4FE0-8168-F8E4E7CFFFB6}.Release|Any CPU.Build.0 = Release|Any CPU
		{E2721805-0B9A-44EE-9139-65EC06257108}.Debug|Any CPU.ActiveCfg = Debug|Any CPU
		{E2721805-0B9A-44EE-9139-65EC06257108}.Debug|Any CPU.Build.0 = Debug|Any CPU
		{E2721805-0B9A-44EE-9139-65EC06257108}.Release|Any CPU.ActiveCfg = Release|Any CPU
		{E2721805-0B9A-44EE-9139-65EC06257108}.Release|Any CPU.Build.0 = Release|Any CPU
		{11977B74-6F42-4FC4-8E53-6DAA7297E09D}.Debug|Any CPU.ActiveCfg = Debug|Any CPU
		{11977B74-6F42-4FC4-8E53-6DAA7297E09D}.Debug|Any CPU.Build.0 = Debug|Any CPU
		{11977B74-6F42-4FC4-8E53-6DAA7297E09D}.Release|Any CPU.ActiveCfg = Release|Any CPU
		{11977B74-6F42-4FC4-8E53-6DAA7297E09D}.Release|Any CPU.Build.0 = Release|Any CPU
		{5AB83B9F-08D3-4B6B-8D9E-F838B5C544F1}.Debug|Any CPU.ActiveCfg = Debug|Any CPU
		{5AB83B9F-08D3-4B6B-8D9E-F838B5C544F1}.Debug|Any CPU.Build.0 = Debug|Any CPU
		{5AB83B9F-08D3-4B6B-8D9E-F838B5C544F1}.Release|Any CPU.ActiveCfg = Release|Any CPU
		{5AB83B9F-08D3-4B6B-8D9E-F838B5C544F1}.Release|Any CPU.Build.0 = Release|Any CPU
	EndGlobalSection
	GlobalSection(SolutionProperties) = preSolution
		HideSolutionNode = FALSE
	EndGlobalSection
	GlobalSection(ExtensibilityGlobals) = postSolution
		SolutionGuid = {5DF4B81D-1B48-4FB6-8FEE-41E980338A1F}
	EndGlobalSection
EndGlobal
