
Microsoft Visual Studio Solution File, Format Version 12.00
# Visual Studio Version 17
VisualStudioVersion = 17.2.32616.157
MinimumVisualStudioVersion = 10.0.40219.1
Project("{9A19103F-16F7-4668-BE54-9A1E7A4F7556}") = "MusicHub", "MusicHub.csproj", "{B5414396-DD34-48D5-822A-5F5946543645}"
EndProject
Global
	GlobalSection(SolutionConfigurationPlatforms) = preSolution
		Debug|Any CPU = Debug|Any CPU
		Release|Any CPU = Release|Any CPU
	EndGlobalSection
	GlobalSection(ProjectConfigurationPlatforms) = postSolution
		{B5414396-DD34-48D5-822A-5F5946543645}.Debug|Any CPU.ActiveCfg = Debug|Any CPU
		{B5414396-DD34-48D5-822A-5F5946543645}.Debug|Any CPU.Build.0 = Debug|Any CPU
		{B5414396-DD34-48D5-822A-5F5946543645}.Release|Any CPU.ActiveCfg = Release|Any CPU
		{B5414396-DD34-48D5-822A-5F5946543645}.Release|Any CPU.Build.0 = Release|Any CPU
	EndGlobalSection
	GlobalSection(SolutionProperties) = preSolution
		HideSolutionNode = FALSE
	EndGlobalSection
	GlobalSection(ExtensibilityGlobals) = postSolution
		SolutionGuid = {DE9040F1-6FA3-49DA-9664-25C41C216760}
	EndGlobalSection
EndGlobal
